// !$*UTF8*$!
{
	archiveVersion = 1;
	classes = {
	};
	objectVersion = 46;
	objects = {

/* Begin PBXBuildFile section */
		4AFE72211D4FCA15000F5C67 /* main.m in Sources */ = {isa = PBXBuildFile; fileRef = 4AFE72201D4FCA15000F5C67 /* main.m */; };
		4AFE72241D4FCA15000F5C67 /* AppDelegate.m in Sources */ = {isa = PBXBuildFile; fileRef = 4AFE72231D4FCA15000F5C67 /* AppDelegate.m */; };
		4AFE722A1D4FCA15000F5C67 /* Main.storyboard in Resources */ = {isa = PBXBuildFile; fileRef = 4AFE72281D4FCA15000F5C67 /* Main.storyboard */; };
		4AFE722C1D4FCA15000F5C67 /* Assets.xcassets in Resources */ = {isa = PBXBuildFile; fileRef = 4AFE722B1D4FCA15000F5C67 /* Assets.xcassets */; };
		4AFE722F1D4FCA15000F5C67 /* LaunchScreen.storyboard in Resources */ = {isa = PBXBuildFile; fileRef = 4AFE722D1D4FCA15000F5C67 /* LaunchScreen.storyboard */; };
		4AFE72381D4FCA61000F5C67 /* MusicianMasterTableViewController.m in Sources */ = {isa = PBXBuildFile; fileRef = 4AFE72371D4FCA61000F5C67 /* MusicianMasterTableViewController.m */; };
		4AFE723B1D4FCB78000F5C67 /* MusicianDetailViewController.m in Sources */ = {isa = PBXBuildFile; fileRef = 4AFE723A1D4FCB78000F5C67 /* MusicianDetailViewController.m */; };
		4AFE72461D4FCD39000F5C67 /* u2.jpg in Resources */ = {isa = PBXBuildFile; fileRef = 4AFE723C1D4FCD39000F5C67 /* u2.jpg */; };
		4AFE72471D4FCD39000F5C67 /* madonna.jpg in Resources */ = {isa = PBXBuildFile; fileRef = 4AFE723D1D4FCD39000F5C67 /* madonna.jpg */; };
		4AFE72481D4FCD39000F5C67 /* onedirection.jpg in Resources */ = {isa = PBXBuildFile; fileRef = 4AFE723E1D4FCD39000F5C67 /* onedirection.jpg */; };
		4AFE72491D4FCD39000F5C67 /* therollingstones.jpg in Resources */ = {isa = PBXBuildFile; fileRef = 4AFE723F1D4FCD39000F5C67 /* therollingstones.jpg */; };
		4AFE724A1D4FCD39000F5C67 /* bonjovi.jpg in Resources */ = {isa = PBXBuildFile; fileRef = 4AFE72401D4FCD39000F5C67 /* bonjovi.jpg */; };
		4AFE724B1D4FCD39000F5C67 /* acdc.jpg in Resources */ = {isa = PBXBuildFile; fileRef = 4AFE72411D4FCD39000F5C67 /* acdc.jpg */; };
		4AFE724C1D4FCD39000F5C67 /* brucespringsteen.jpg in Resources */ = {isa = PBXBuildFile; fileRef = 4AFE72421D4FCD39000F5C67 /* brucespringsteen.jpg */; };
		4AFE724D1D4FCD39000F5C67 /* thepolice.jpg in Resources */ = {isa = PBXBuildFile; fileRef = 4AFE72431D4FCD39000F5C67 /* thepolice.jpg */; };
		4AFE724E1D4FCD39000F5C67 /* pinkfloyd.jpg in Resources */ = {isa = PBXBuildFile; fileRef = 4AFE72441D4FCD39000F5C67 /* pinkfloyd.jpg */; };
		4AFE724F1D4FCD39000F5C67 /* celinedion.jpg in Resources */ = {isa = PBXBuildFile; fileRef = 4AFE72451D4FCD39000F5C67 /* celinedion.jpg */; };
		4AFE72521D4FCDA5000F5C67 /* Musician.m in Sources */ = {isa = PBXBuildFile; fileRef = 4AFE72511D4FCDA5000F5C67 /* Musician.m */; };
/* End PBXBuildFile section */

/* Begin PBXFileReference section */
		4AFE721C1D4FCA15000F5C67 /* GrailDiary.app */ = {isa = PBXFileReference; explicitFileType = wrapper.application; includeInIndex = 0; path = GrailDiary.app; sourceTree = BUILT_PRODUCTS_DIR; };
		4AFE72201D4FCA15000F5C67 /* main.m */ = {isa = PBXFileReference; lastKnownFileType = sourcecode.c.objc; path = main.m; sourceTree = "<group>"; };
		4AFE72221D4FCA15000F5C67 /* AppDelegate.h */ = {isa = PBXFileReference; lastKnownFileType = sourcecode.c.h; path = AppDelegate.h; sourceTree = "<group>"; };
		4AFE72231D4FCA15000F5C67 /* AppDelegate.m */ = {isa = PBXFileReference; lastKnownFileType = sourcecode.c.objc; path = AppDelegate.m; sourceTree = "<group>"; };
		4AFE72291D4FCA15000F5C67 /* Base */ = {isa = PBXFileReference; lastKnownFileType = file.storyboard; name = Base; path = Base.lproj/Main.storyboard; sourceTree = "<group>"; };
		4AFE722B1D4FCA15000F5C67 /* Assets.xcassets */ = {isa = PBXFileReference; lastKnownFileType = folder.assetcatalog; path = Assets.xcassets; sourceTree = "<group>"; };
		4AFE722E1D4FCA15000F5C67 /* Base */ = {isa = PBXFileReference; lastKnownFileType = file.storyboard; name = Base; path = Base.lproj/LaunchScreen.storyboard; sourceTree = "<group>"; };
		4AFE72301D4FCA15000F5C67 /* Info.plist */ = {isa = PBXFileReference; lastKnownFileType = text.plist.xml; path = Info.plist; sourceTree = "<group>"; };
		4AFE72361D4FCA61000F5C67 /* MusicianMasterTableViewController.h */ = {isa = PBXFileReference; fileEncoding = 4; lastKnownFileType = sourcecode.c.h; path = MusicianMasterTableViewController.h; sourceTree = "<group>"; };
		4AFE72371D4FCA61000F5C67 /* MusicianMasterTableViewController.m */ = {isa = PBXFileReference; fileEncoding = 4; lastKnownFileType = sourcecode.c.objc; path = MusicianMasterTableViewController.m; sourceTree = "<group>"; };
		4AFE72391D4FCB78000F5C67 /* MusicianDetailViewController.h */ = {isa = PBXFileReference; fileEncoding = 4; lastKnownFileType = sourcecode.c.h; path = MusicianDetailViewController.h; sourceTree = "<group>"; };
		4AFE723A1D4FCB78000F5C67 /* MusicianDetailViewController.m */ = {isa = PBXFileReference; fileEncoding = 4; lastKnownFileType = sourcecode.c.objc; path = MusicianDetailViewController.m; sourceTree = "<group>"; };
		4AFE723C1D4FCD39000F5C67 /* u2.jpg */ = {isa = PBXFileReference; lastKnownFileType = image.jpeg; path = u2.jpg; sourceTree = "<group>"; };
		4AFE723D1D4FCD39000F5C67 /* madonna.jpg */ = {isa = PBXFileReference; lastKnownFileType = image.jpeg; path = madonna.jpg; sourceTree = "<group>"; };
		4AFE723E1D4FCD39000F5C67 /* onedirection.jpg */ = {isa = PBXFileReference; lastKnownFileType = image.jpeg; path = onedirection.jpg; sourceTree = "<group>"; };
		4AFE723F1D4FCD39000F5C67 /* therollingstones.jpg */ = {isa = PBXFileReference; lastKnownFileType = image.jpeg; path = therollingstones.jpg; sourceTree = "<group>"; };
		4AFE72401D4FCD39000F5C67 /* bonjovi.jpg */ = {isa = PBXFileReference; lastKnownFileType = image.jpeg; path = bonjovi.jpg; sourceTree = "<group>"; };
		4AFE72411D4FCD39000F5C67 /* acdc.jpg */ = {isa = PBXFileReference; lastKnownFileType = image.jpeg; path = acdc.jpg; sourceTree = "<group>"; };
		4AFE72421D4FCD39000F5C67 /* brucespringsteen.jpg */ = {isa = PBXFileReference; lastKnownFileType = image.jpeg; path = brucespringsteen.jpg; sourceTree = "<group>"; };
		4AFE72431D4FCD39000F5C67 /* thepolice.jpg */ = {isa = PBXFileReference; lastKnownFileType = image.jpeg; path = thepolice.jpg; sourceTree = "<group>"; };
		4AFE72441D4FCD39000F5C67 /* pinkfloyd.jpg */ = {isa = PBXFileReference; lastKnownFileType = image.jpeg; path = pinkfloyd.jpg; sourceTree = "<group>"; };
		4AFE72451D4FCD39000F5C67 /* celinedion.jpg */ = {isa = PBXFileReference; lastKnownFileType = image.jpeg; path = celinedion.jpg; sourceTree = "<group>"; };
		4AFE72501D4FCDA5000F5C67 /* Musician.h */ = {isa = PBXFileReference; fileEncoding = 4; lastKnownFileType = sourcecode.c.h; path = Musician.h; sourceTree = "<group>"; };
		4AFE72511D4FCDA5000F5C67 /* Musician.m */ = {isa = PBXFileReference; fileEncoding = 4; lastKnownFileType = sourcecode.c.objc; path = Musician.m; sourceTree = "<group>"; };
/* End PBXFileReference section */

/* Begin PBXFrameworksBuildPhase section */
		4AFE72191D4FCA15000F5C67 /* Frameworks */ = {
			isa = PBXFrameworksBuildPhase;
			buildActionMask = 2147483647;
			files = (
			);
			runOnlyForDeploymentPostprocessing = 0;
		};
/* End PBXFrameworksBuildPhase section */

/* Begin PBXGroup section */
		4AFE72131D4FCA15000F5C67 = {
			isa = PBXGroup;
			children = (
				4AFE721E1D4FCA15000F5C67 /* GrailDiary */,
				4AFE721D1D4FCA15000F5C67 /* Products */,
				4AFE723C1D4FCD39000F5C67 /* u2.jpg */,
				4AFE723D1D4FCD39000F5C67 /* madonna.jpg */,
				4AFE723E1D4FCD39000F5C67 /* onedirection.jpg */,
				4AFE723F1D4FCD39000F5C67 /* therollingstones.jpg */,
				4AFE72401D4FCD39000F5C67 /* bonjovi.jpg */,
				4AFE72411D4FCD39000F5C67 /* acdc.jpg */,
				4AFE72421D4FCD39000F5C67 /* brucespringsteen.jpg */,
				4AFE72431D4FCD39000F5C67 /* thepolice.jpg */,
				4AFE72441D4FCD39000F5C67 /* pinkfloyd.jpg */,
				4AFE72451D4FCD39000F5C67 /* celinedion.jpg */,
			);
			sourceTree = "<group>";
		};
		4AFE721D1D4FCA15000F5C67 /* Products */ = {
			isa = PBXGroup;
			children = (
				4AFE721C1D4FCA15000F5C67 /* GrailDiary.app */,
			);
			name = Products;
			sourceTree = "<group>";
		};
		4AFE721E1D4FCA15000F5C67 /* GrailDiary */ = {
			isa = PBXGroup;
			children = (
				4AFE72221D4FCA15000F5C67 /* AppDelegate.h */,
				4AFE72231D4FCA15000F5C67 /* AppDelegate.m */,
				4AFE72501D4FCDA5000F5C67 /* Musician.h */,
				4AFE72511D4FCDA5000F5C67 /* Musician.m */,
				4AFE72391D4FCB78000F5C67 /* MusicianDetailViewController.h */,
				4AFE723A1D4FCB78000F5C67 /* MusicianDetailViewController.m */,
				4AFE72361D4FCA61000F5C67 /* MusicianMasterTableViewController.h */,
				4AFE72371D4FCA61000F5C67 /* MusicianMasterTableViewController.m */,
				4AFE72281D4FCA15000F5C67 /* Main.storyboard */,
				4AFE722B1D4FCA15000F5C67 /* Assets.xcassets */,
				4AFE722D1D4FCA15000F5C67 /* LaunchScreen.storyboard */,
				4AFE72301D4FCA15000F5C67 /* Info.plist */,
				4AFE721F1D4FCA15000F5C67 /* Supporting Files */,
			);
			path = GrailDiary;
			sourceTree = "<group>";
		};
		4AFE721F1D4FCA15000F5C67 /* Supporting Files */ = {
			isa = PBXGroup;
			children = (
				4AFE72201D4FCA15000F5C67 /* main.m */,
			);
			name = "Supporting Files";
			sourceTree = "<group>";
		};
/* End PBXGroup section */

/* Begin PBXNativeTarget section */
		4AFE721B1D4FCA15000F5C67 /* GrailDiary */ = {
			isa = PBXNativeTarget;
			buildConfigurationList = 4AFE72331D4FCA15000F5C67 /* Build configuration list for PBXNativeTarget "GrailDiary" */;
			buildPhases = (
				4AFE72181D4FCA15000F5C67 /* Sources */,
				4AFE72191D4FCA15000F5C67 /* Frameworks */,
				4AFE721A1D4FCA15000F5C67 /* Resources */,
			);
			buildRules = (
			);
			dependencies = (
			);
			name = GrailDiary;
			productName = GrailDiary;
			productReference = 4AFE721C1D4FCA15000F5C67 /* GrailDiary.app */;
			productType = "com.apple.product-type.application";
		};
/* End PBXNativeTarget section */

/* Begin PBXProject section */
		4AFE72141D4FCA15000F5C67 /* Project object */ = {
			isa = PBXProject;
			attributes = {
				LastUpgradeCheck = 0730;
				ORGANIZATIONNAME = "Gregory Weiss";
				TargetAttributes = {
					4AFE721B1D4FCA15000F5C67 = {
						CreatedOnToolsVersion = 7.3.1;
					};
				};
			};
			buildConfigurationList = 4AFE72171D4FCA15000F5C67 /* Build configuration list for PBXProject "GrailDiary" */;
			compatibilityVersion = "Xcode 3.2";
			developmentRegion = English;
			hasScannedForEncodings = 0;
			knownRegions = (
				en,
				Base,
			);
			mainGroup = 4AFE72131D4FCA15000F5C67;
			productRefGroup = 4AFE721D1D4FCA15000F5C67 /* Products */;
			projectDirPath = "";
			projectRoot = "";
			targets = (
				4AFE721B1D4FCA15000F5C67 /* GrailDiary */,
			);
		};
/* End PBXProject section */

/* Begin PBXResourcesBuildPhase section */
		4AFE721A1D4FCA15000F5C67 /* Resources */ = {
			isa = PBXResourcesBuildPhase;
			buildActionMask = 2147483647;
			files = (
				4AFE724E1D4FCD39000F5C67 /* pinkfloyd.jpg in Resources */,
				4AFE72491D4FCD39000F5C67 /* therollingstones.jpg in Resources */,
				4AFE724A1D4FCD39000F5C67 /* bonjovi.jpg in Resources */,
				4AFE72461D4FCD39000F5C67 /* u2.jpg in Resources */,
				4AFE722F1D4FCA15000F5C67 /* LaunchScreen.storyboard in Resources */,
				4AFE724C1D4FCD39000F5C67 /* brucespringsteen.jpg in Resources */,
				4AFE724B1D4FCD39000F5C67 /* acdc.jpg in Resources */,
				4AFE724D1D4FCD39000F5C67 /* thepolice.jpg in Resources */,
				4AFE724F1D4FCD39000F5C67 /* celinedion.jpg in Resources */,
				4AFE722C1D4FCA15000F5C67 /* Assets.xcassets in Resources */,
				4AFE722A1D4FCA15000F5C67 /* Main.storyboard in Resources */,
				4AFE72481D4FCD39000F5C67 /* onedirection.jpg in Resources */,
				4AFE72471D4FCD39000F5C67 /* madonna.jpg in Resources */,
			);
			runOnlyForDeploymentPostprocessing = 0;
		};
/* End PBXResourcesBuildPhase section */

/* Begin PBXSourcesBuildPhase section */
		4AFE72181D4FCA15000F5C67 /* Sources */ = {
			isa = PBXSourcesBuildPhase;
			buildActionMask = 2147483647;
			files = (
				4AFE723B1D4FCB78000F5C67 /* MusicianDetailViewController.m in Sources */,
				4AFE72241D4FCA15000F5C67 /* AppDelegate.m in Sources */,
				4AFE72521D4FCDA5000F5C67 /* Musician.m in Sources */,
				4AFE72381D4FCA61000F5C67 /* MusicianMasterTableViewController.m in Sources */,
				4AFE72211D4FCA15000F5C67 /* main.m in Sources */,
			);
			runOnlyForDeploymentPostprocessing = 0;
		};
/* End PBXSourcesBuildPhase section */

/* Begin PBXVariantGroup section */
		4AFE72281D4FCA15000F5C67 /* Main.storyboard */ = {
			isa = PBXVariantGroup;
			children = (
				4AFE72291D4FCA15000F5C67 /* Base */,
			);
			name = Main.storyboard;
			sourceTree = "<group>";
		};
		4AFE722D1D4FCA15000F5C67 /* LaunchScreen.storyboard */ = {
			isa = PBXVariantGroup;
			children = (
				4AFE722E1D4FCA15000F5C67 /* Base */,
			);
			name = LaunchScreen.storyboard;
			sourceTree = "<group>";
		};
/* End PBXVariantGroup section */

/* Begin XCBuildConfiguration section */
		4AFE72311D4FCA15000F5C67 /* Debug */ = {
			isa = XCBuildConfiguration;
			buildSettings = {
				ALWAYS_SEARCH_USER_PATHS = NO;
				CLANG_ANALYZER_NONNULL = YES;
				CLANG_CXX_LANGUAGE_STANDARD = "gnu++0x";
				CLANG_CXX_LIBRARY = "libc++";
				CLANG_ENABLE_MODULES = YES;
				CLANG_ENABLE_OBJC_ARC = YES;
				CLANG_WARN_BOOL_CONVERSION = YES;
				CLANG_WARN_CONSTANT_CONVERSION = YES;
				CLANG_WARN_DIRECT_OBJC_ISA_USAGE = YES_ERROR;
				CLANG_WARN_EMPTY_BODY = YES;
				CLANG_WARN_ENUM_CONVERSION = YES;
				CLANG_WARN_INT_CONVERSION = YES;
				CLANG_WARN_OBJC_ROOT_CLASS = YES_ERROR;
				CLANG_WARN_UNREACHABLE_CODE = YES;
				CLANG_WARN__DUPLICATE_METHOD_MATCH = YES;
				"CODE_SIGN_IDENTITY[sdk=iphoneos*]" = "iPhone Developer";
				COPY_PHASE_STRIP = NO;
				DEBUG_INFORMATION_FORMAT = dwarf;
				ENABLE_STRICT_OBJC_MSGSEND = YES;
				ENABLE_TESTABILITY = YES;
				GCC_C_LANGUAGE_STANDARD = gnu99;
				GCC_DYNAMIC_NO_PIC = NO;
				GCC_NO_COMMON_BLOCKS = YES;
				GCC_OPTIMIZATION_LEVEL = 0;
				GCC_PREPROCESSOR_DEFINITIONS = (
					"DEBUG=1",
					"$(inherited)",
				);
				GCC_WARN_64_TO_32_BIT_CONVERSION = YES;
				GCC_WARN_ABOUT_RETURN_TYPE = YES_ERROR;
				GCC_WARN_UNDECLARED_SELECTOR = YES;
				GCC_WARN_UNINITIALIZED_AUTOS = YES_AGGRESSIVE;
				GCC_WARN_UNUSED_FUNCTION = YES;
				GCC_WARN_UNUSED_VARIABLE = YES;
				IPHONEOS_DEPLOYMENT_TARGET = 9.3;
				MTL_ENABLE_DEBUG_INFO = YES;
				ONLY_ACTIVE_ARCH = YES;
				SDKROOT = iphoneos;
				TARGETED_DEVICE_FAMILY = "1,2";
			};
			name = Debug;
		};
		4AFE72321D4FCA15000F5C67 /* Release */ = {
			isa = XCBuildConfiguration;
			buildSettings = {
				ALWAYS_SEARCH_USER_PATHS = NO;
				CLANG_ANALYZER_NONNULL = YES;
				CLANG_CXX_LANGUAGE_STANDARD = "gnu++0x";
				CLANG_CXX_LIBRARY = "libc++";
				CLANG_ENABLE_MODULES = YES;
				CLANG_ENABLE_OBJC_ARC = YES;
				CLANG_WARN_BOOL_CONVERSION = YES;
				CLANG_WARN_CONSTANT_CONVERSION = YES;
				CLANG_WARN_DIRECT_OBJC_ISA_USAGE = YES_ERROR;
				CLANG_WARN_EMPTY_BODY = YES;
				CLANG_WARN_ENUM_CONVERSION = YES;
				CLANG_WARN_INT_CONVERSION = YES;
				CLANG_WARN_OBJC_ROOT_CLASS = YES_ERROR;
				CLANG_WARN_UNREACHABLE_CODE = YES;
				CLANG_WARN__DUPLICATE_METHOD_MATCH = YES;
				"CODE_SIGN_IDENTITY[sdk=iphoneos*]" = "iPhone Developer";
				COPY_PHASE_STRIP = NO;
				DEBUG_INFORMATION_FORMAT = "dwarf-with-dsym";
				ENABLE_NS_ASSERTIONS = NO;
				ENABLE_STRICT_OBJC_MSGSEND = YES;
				GCC_C_LANGUAGE_STANDARD = gnu99;
				GCC_NO_COMMON_BLOCKS = YES;
				GCC_WARN_64_TO_32_BIT_CONVERSION = YES;
				GCC_WARN_ABOUT_RETURN_TYPE = YES_ERROR;
				GCC_WARN_UNDECLARED_SELECTOR = YES;
				GCC_WARN_UNINITIALIZED_AUTOS = YES_AGGRESSIVE;
				GCC_WARN_UNUSED_FUNCTION = YES;
				GCC_WARN_UNUSED_VARIABLE = YES;
				IPHONEOS_DEPLOYMENT_TARGET = 9.3;
				MTL_ENABLE_DEBUG_INFO = NO;
				SDKROOT = iphoneos;
				TARGETED_DEVICE_FAMILY = "1,2";
				VALIDATE_PRODUCT = YES;
			};
			name = Release;
		};
		4AFE72341D4FCA15000F5C67 /* Debug */ = {
			isa = XCBuildConfiguration;
			buildSettings = {
				ASSETCATALOG_COMPILER_APPICON_NAME = AppIcon;
				INFOPLIST_FILE = GrailDiary/Info.plist;
				LD_RUNPATH_SEARCH_PATHS = "$(inherited) @executable_path/Frameworks";
				PRODUCT_BUNDLE_IDENTIFIER = com.gerusa04.GrailDiary;
				PRODUCT_NAME = "$(TARGET_NAME)";
			};
			name = Debug;
		};
		4AFE72351D4FCA15000F5C67 /* Release */ = {
			isa = XCBuildConfiguration;
			buildSettings = {
				ASSETCATALOG_COMPILER_APPICON_NAME = AppIcon;
				INFOPLIST_FILE = GrailDiary/Info.plist;
				LD_RUNPATH_SEARCH_PATHS = "$(inherited) @executable_path/Frameworks";
				PRODUCT_BUNDLE_IDENTIFIER = com.gerusa04.GrailDiary;
				PRODUCT_NAME = "$(TARGET_NAME)";
			};
			name = Release;
		};
/* End XCBuildConfiguration section */

/* Begin XCConfigurationList section */
		4AFE72171D4FCA15000F5C67 /* Build configuration list for PBXProject "GrailDiary" */ = {
			isa = XCConfigurationList;
			buildConfigurations = (
				4AFE72311D4FCA15000F5C67 /* Debug */,
				4AFE72321D4FCA15000F5C67 /* Release */,
			);
			defaultConfigurationIsVisible = 0;
			defaultConfigurationName = Release;
		};
		4AFE72331D4FCA15000F5C67 /* Build configuration list for PBXNativeTarget "GrailDiary" */ = {
			isa = XCConfigurationList;
			buildConfigurations = (
				4AFE72341D4FCA15000F5C67 /* Debug */,
				4AFE72351D4FCA15000F5C67 /* Release */,
			);
			defaultConfigurationIsVisible = 0;
		};
/* End XCConfigurationList section */
	};
	rootObject = 4AFE72141D4FCA15000F5C67 /* Project object */;
}
